// !$*UTF8*$!
{
	archiveVersion = 1;
	classes = {
	};
	objectVersion = 56;
	objects = {

/* Begin PBXBuildFile section */
		1865169A2C1330C100A8A076 /* RatingCell.swift in Sources */ = {isa = PBXBuildFile; fileRef = 186516992C1330C100A8A076 /* RatingCell.swift */; };
		1865169C2C1330C500A8A076 /* User.swift in Sources */ = {isa = PBXBuildFile; fileRef = 1865169B2C1330C500A8A076 /* User.swift */; };
		1865169E2C1339D600A8A076 /* CustomRatingOneCell.swift in Sources */ = {isa = PBXBuildFile; fileRef = 1865169D2C1339D600A8A076 /* CustomRatingOneCell.swift */; };
		186516A02C134A0500A8A076 /* CircleView.swift in Sources */ = {isa = PBXBuildFile; fileRef = 1865169F2C134A0500A8A076 /* CircleView.swift */; };
		187141F82C187C4000C08D27 /* gameBoards.json in Resources */ = {isa = PBXBuildFile; fileRef = 187141F72C187C4000C08D27 /* gameBoards.json */; };
		187141FA2C1880CB00C08D27 /* winGame.json in Resources */ = {isa = PBXBuildFile; fileRef = 187141F92C1880CB00C08D27 /* winGame.json */; };
		18A8ADBD2C170CF00023D16D /* HomeCell.swift in Sources */ = {isa = PBXBuildFile; fileRef = 18A8ADBC2C170CF00023D16D /* HomeCell.swift */; };
		18A8ADBF2C1725A20023D16D /* ChapterCell.swift in Sources */ = {isa = PBXBuildFile; fileRef = 18A8ADBE2C1725A20023D16D /* ChapterCell.swift */; };
		18A8ADC22C1736160023D16D /* GameVC.swift in Sources */ = {isa = PBXBuildFile; fileRef = 18A8ADC12C1736160023D16D /* GameVC.swift */; };
		18A8ADC42C17361A0023D16D /* GameScene.swift in Sources */ = {isa = PBXBuildFile; fileRef = 18A8ADC32C17361A0023D16D /* GameScene.swift */; };
		18A8ADC62C17369B0023D16D /* CustomButton.swift in Sources */ = {isa = PBXBuildFile; fileRef = 18A8ADC52C17369B0023D16D /* CustomButton.swift */; };
		18DF18982C11E23B00D6019B /* AppDelegate.swift in Sources */ = {isa = PBXBuildFile; fileRef = 18DF18972C11E23B00D6019B /* AppDelegate.swift */; };
		18DF189A2C11E23B00D6019B /* SceneDelegate.swift in Sources */ = {isa = PBXBuildFile; fileRef = 18DF18992C11E23B00D6019B /* SceneDelegate.swift */; };
		18DF18A12C11E23D00D6019B /* Assets.xcassets in Resources */ = {isa = PBXBuildFile; fileRef = 18DF18A02C11E23D00D6019B /* Assets.xcassets */; };
		18DF18A42C11E23D00D6019B /* Base in Resources */ = {isa = PBXBuildFile; fileRef = 18DF18A32C11E23D00D6019B /* Base */; };
		18DF18B02C11E2A900D6019B /* SnapKit in Frameworks */ = {isa = PBXBuildFile; productRef = 18DF18AF2C11E2A900D6019B /* SnapKit */; };
		18DF18B32C11E42E00D6019B /* LoadingVC.swift in Sources */ = {isa = PBXBuildFile; fileRef = 18DF18B22C11E42E00D6019B /* LoadingVC.swift */; };
		18DF18B52C11E43300D6019B /* LoadingView.swift in Sources */ = {isa = PBXBuildFile; fileRef = 18DF18B42C11E43300D6019B /* LoadingView.swift */; };
		18DF18BF2C11E70C00D6019B /* ProfileVC.swift in Sources */ = {isa = PBXBuildFile; fileRef = 18DF18BE2C11E70C00D6019B /* ProfileVC.swift */; };
		18DF18C12C11E71000D6019B /* ProfileView.swift in Sources */ = {isa = PBXBuildFile; fileRef = 18DF18C02C11E71000D6019B /* ProfileView.swift */; };
		18DF18C32C11E71900D6019B /* RatingVC.swift in Sources */ = {isa = PBXBuildFile; fileRef = 18DF18C22C11E71900D6019B /* RatingVC.swift */; };
		18DF18C52C11E71C00D6019B /* RatingView.swift in Sources */ = {isa = PBXBuildFile; fileRef = 18DF18C42C11E71C00D6019B /* RatingView.swift */; };
		18DF18C72C11E72300D6019B /* HomeVC.swift in Sources */ = {isa = PBXBuildFile; fileRef = 18DF18C62C11E72300D6019B /* HomeVC.swift */; };
		18DF18C92C11E72800D6019B /* HomeView.swift in Sources */ = {isa = PBXBuildFile; fileRef = 18DF18C82C11E72800D6019B /* HomeView.swift */; };
		18DF18CB2C11E73100D6019B /* BonusVC.swift in Sources */ = {isa = PBXBuildFile; fileRef = 18DF18CA2C11E73100D6019B /* BonusVC.swift */; };
		18DF18CD2C11E73700D6019B /* BonusView.swift in Sources */ = {isa = PBXBuildFile; fileRef = 18DF18CC2C11E73700D6019B /* BonusView.swift */; };
		18DF18CF2C11E73D00D6019B /* ChapterVC.swift in Sources */ = {isa = PBXBuildFile; fileRef = 18DF18CE2C11E73D00D6019B /* ChapterVC.swift */; };
		18DF18D12C11E74000D6019B /* ChapterView.swift in Sources */ = {isa = PBXBuildFile; fileRef = 18DF18D02C11E74000D6019B /* ChapterView.swift */; };
		18DF18D32C11E76300D6019B /* TabBar.swift in Sources */ = {isa = PBXBuildFile; fileRef = 18DF18D22C11E76300D6019B /* TabBar.swift */; };
		18DF18D52C11F10900D6019B /* Settings.swift in Sources */ = {isa = PBXBuildFile; fileRef = 18DF18D42C11F10900D6019B /* Settings.swift */; };
		18DF18D72C11F11100D6019B /* Memory.swift in Sources */ = {isa = PBXBuildFile; fileRef = 18DF18D62C11F11100D6019B /* Memory.swift */; };
		18DF18D92C11F21A00D6019B /* Double.swift in Sources */ = {isa = PBXBuildFile; fileRef = 18DF18D82C11F21A00D6019B /* Double.swift */; };
		18DF18DB2C11F23700D6019B /* Font + Extension.swift in Sources */ = {isa = PBXBuildFile; fileRef = 18DF18DA2C11F23700D6019B /* Font + Extension.swift */; };
		18DF18DE2C11F4C000D6019B /* InfoVC.swift in Sources */ = {isa = PBXBuildFile; fileRef = 18DF18DD2C11F4C000D6019B /* InfoVC.swift */; };
		18DF18E02C11F4C700D6019B /* InfoView.swift in Sources */ = {isa = PBXBuildFile; fileRef = 18DF18DF2C11F4C700D6019B /* InfoView.swift */; };
		A5D217832C1B22DC00B247AC /* Chapter.swift in Sources */ = {isa = PBXBuildFile; fileRef = A5D2177D2C1B22DC00B247AC /* Chapter.swift */; };
		A5D217852C1B22DC00B247AC /* Level.swift in Sources */ = {isa = PBXBuildFile; fileRef = A5D2177F2C1B22DC00B247AC /* Level.swift */; };
		A5D217862C1B22DC00B247AC /* ColorHarmonyLevel.swift in Sources */ = {isa = PBXBuildFile; fileRef = A5D217802C1B22DC00B247AC /* ColorHarmonyLevel.swift */; };
		A5D217872C1B22DC00B247AC /* Ball.swift in Sources */ = {isa = PBXBuildFile; fileRef = A5D217822C1B22DC00B247AC /* Ball.swift */; };
		A5D2178B2C1B264900B247AC /* LevelProtocol.swift in Sources */ = {isa = PBXBuildFile; fileRef = A5D217892C1B264900B247AC /* LevelProtocol.swift */; };
		A5D2178E2C1B277400B247AC /* Extension+Color.swift in Sources */ = {isa = PBXBuildFile; fileRef = A5D2178C2C1B277400B247AC /* Extension+Color.swift */; };
		A5D217902C1B27F300B247AC /* Extension+UserDefaults.swift in Sources */ = {isa = PBXBuildFile; fileRef = A5D2178F2C1B27F300B247AC /* Extension+UserDefaults.swift */; };
		A5D217982C1B2B0100B247AC /* LevelViewModel.swift in Sources */ = {isa = PBXBuildFile; fileRef = A5D217972C1B2B0100B247AC /* LevelViewModel.swift */; };
		A5D2179A2C1B2B2A00B247AC /* LevelView.swift in Sources */ = {isa = PBXBuildFile; fileRef = A5D217992C1B2B2A00B247AC /* LevelView.swift */; };
		A5D2179C2C1B2B3F00B247AC /* BallView.swift in Sources */ = {isa = PBXBuildFile; fileRef = A5D2179B2C1B2B3F00B247AC /* BallView.swift */; };
/* End PBXBuildFile section */

/* Begin PBXFileReference section */
		186516992C1330C100A8A076 /* RatingCell.swift */ = {isa = PBXFileReference; lastKnownFileType = sourcecode.swift; path = RatingCell.swift; sourceTree = "<group>"; };
		1865169B2C1330C500A8A076 /* User.swift */ = {isa = PBXFileReference; lastKnownFileType = sourcecode.swift; path = User.swift; sourceTree = "<group>"; };
		1865169D2C1339D600A8A076 /* CustomRatingOneCell.swift */ = {isa = PBXFileReference; lastKnownFileType = sourcecode.swift; path = CustomRatingOneCell.swift; sourceTree = "<group>"; };
		1865169F2C134A0500A8A076 /* CircleView.swift */ = {isa = PBXFileReference; lastKnownFileType = sourcecode.swift; path = CircleView.swift; sourceTree = "<group>"; };
		187141F72C187C4000C08D27 /* gameBoards.json */ = {isa = PBXFileReference; lastKnownFileType = text.json; path = gameBoards.json; sourceTree = "<group>"; };
		187141F92C1880CB00C08D27 /* winGame.json */ = {isa = PBXFileReference; lastKnownFileType = text.json; path = winGame.json; sourceTree = "<group>"; };
		18A8ADBC2C170CF00023D16D /* HomeCell.swift */ = {isa = PBXFileReference; lastKnownFileType = sourcecode.swift; path = HomeCell.swift; sourceTree = "<group>"; };
		18A8ADBE2C1725A20023D16D /* ChapterCell.swift */ = {isa = PBXFileReference; lastKnownFileType = sourcecode.swift; path = ChapterCell.swift; sourceTree = "<group>"; };
		18A8ADC12C1736160023D16D /* GameVC.swift */ = {isa = PBXFileReference; lastKnownFileType = sourcecode.swift; path = GameVC.swift; sourceTree = "<group>"; };
		18A8ADC32C17361A0023D16D /* GameScene.swift */ = {isa = PBXFileReference; lastKnownFileType = sourcecode.swift; path = GameScene.swift; sourceTree = "<group>"; };
		18A8ADC52C17369B0023D16D /* CustomButton.swift */ = {isa = PBXFileReference; lastKnownFileType = sourcecode.swift; path = CustomButton.swift; sourceTree = "<group>"; };
		18DF18942C11E23B00D6019B /* plonkiColor.app */ = {isa = PBXFileReference; explicitFileType = wrapper.application; includeInIndex = 0; path = plonkiColor.app; sourceTree = BUILT_PRODUCTS_DIR; };
		18DF18972C11E23B00D6019B /* AppDelegate.swift */ = {isa = PBXFileReference; lastKnownFileType = sourcecode.swift; path = AppDelegate.swift; sourceTree = "<group>"; };
		18DF18992C11E23B00D6019B /* SceneDelegate.swift */ = {isa = PBXFileReference; lastKnownFileType = sourcecode.swift; path = SceneDelegate.swift; sourceTree = "<group>"; };
		18DF18A02C11E23D00D6019B /* Assets.xcassets */ = {isa = PBXFileReference; lastKnownFileType = folder.assetcatalog; path = Assets.xcassets; sourceTree = "<group>"; };
		18DF18A32C11E23D00D6019B /* Base */ = {isa = PBXFileReference; lastKnownFileType = file.storyboard; name = Base; path = Base.lproj/LaunchScreen.storyboard; sourceTree = "<group>"; };
		18DF18A52C11E23D00D6019B /* Info.plist */ = {isa = PBXFileReference; lastKnownFileType = text.plist.xml; path = Info.plist; sourceTree = "<group>"; };
		18DF18B22C11E42E00D6019B /* LoadingVC.swift */ = {isa = PBXFileReference; lastKnownFileType = sourcecode.swift; path = LoadingVC.swift; sourceTree = "<group>"; };
		18DF18B42C11E43300D6019B /* LoadingView.swift */ = {isa = PBXFileReference; lastKnownFileType = sourcecode.swift; path = LoadingView.swift; sourceTree = "<group>"; };
		18DF18BE2C11E70C00D6019B /* ProfileVC.swift */ = {isa = PBXFileReference; lastKnownFileType = sourcecode.swift; path = ProfileVC.swift; sourceTree = "<group>"; };
		18DF18C02C11E71000D6019B /* ProfileView.swift */ = {isa = PBXFileReference; lastKnownFileType = sourcecode.swift; path = ProfileView.swift; sourceTree = "<group>"; };
		18DF18C22C11E71900D6019B /* RatingVC.swift */ = {isa = PBXFileReference; lastKnownFileType = sourcecode.swift; path = RatingVC.swift; sourceTree = "<group>"; };
		18DF18C42C11E71C00D6019B /* RatingView.swift */ = {isa = PBXFileReference; lastKnownFileType = sourcecode.swift; path = RatingView.swift; sourceTree = "<group>"; };
		18DF18C62C11E72300D6019B /* HomeVC.swift */ = {isa = PBXFileReference; lastKnownFileType = sourcecode.swift; path = HomeVC.swift; sourceTree = "<group>"; };
		18DF18C82C11E72800D6019B /* HomeView.swift */ = {isa = PBXFileReference; lastKnownFileType = sourcecode.swift; path = HomeView.swift; sourceTree = "<group>"; };
		18DF18CA2C11E73100D6019B /* BonusVC.swift */ = {isa = PBXFileReference; lastKnownFileType = sourcecode.swift; path = BonusVC.swift; sourceTree = "<group>"; };
		18DF18CC2C11E73700D6019B /* BonusView.swift */ = {isa = PBXFileReference; lastKnownFileType = sourcecode.swift; path = BonusView.swift; sourceTree = "<group>"; };
		18DF18CE2C11E73D00D6019B /* ChapterVC.swift */ = {isa = PBXFileReference; lastKnownFileType = sourcecode.swift; path = ChapterVC.swift; sourceTree = "<group>"; };
		18DF18D02C11E74000D6019B /* ChapterView.swift */ = {isa = PBXFileReference; lastKnownFileType = sourcecode.swift; path = ChapterView.swift; sourceTree = "<group>"; };
		18DF18D22C11E76300D6019B /* TabBar.swift */ = {isa = PBXFileReference; lastKnownFileType = sourcecode.swift; path = TabBar.swift; sourceTree = "<group>"; };
		18DF18D42C11F10900D6019B /* Settings.swift */ = {isa = PBXFileReference; lastKnownFileType = sourcecode.swift; path = Settings.swift; sourceTree = "<group>"; };
		18DF18D62C11F11100D6019B /* Memory.swift */ = {isa = PBXFileReference; lastKnownFileType = sourcecode.swift; path = Memory.swift; sourceTree = "<group>"; };
		18DF18D82C11F21A00D6019B /* Double.swift */ = {isa = PBXFileReference; lastKnownFileType = sourcecode.swift; path = Double.swift; sourceTree = "<group>"; };
		18DF18DA2C11F23700D6019B /* Font + Extension.swift */ = {isa = PBXFileReference; lastKnownFileType = sourcecode.swift; path = "Font + Extension.swift"; sourceTree = "<group>"; };
		18DF18DD2C11F4C000D6019B /* InfoVC.swift */ = {isa = PBXFileReference; lastKnownFileType = sourcecode.swift; path = InfoVC.swift; sourceTree = "<group>"; };
		18DF18DF2C11F4C700D6019B /* InfoView.swift */ = {isa = PBXFileReference; lastKnownFileType = sourcecode.swift; path = InfoView.swift; sourceTree = "<group>"; };
		A5D2177D2C1B22DC00B247AC /* Chapter.swift */ = {isa = PBXFileReference; fileEncoding = 4; lastKnownFileType = sourcecode.swift; path = Chapter.swift; sourceTree = "<group>"; };
		A5D2177F2C1B22DC00B247AC /* Level.swift */ = {isa = PBXFileReference; fileEncoding = 4; lastKnownFileType = sourcecode.swift; path = Level.swift; sourceTree = "<group>"; };
		A5D217802C1B22DC00B247AC /* ColorHarmonyLevel.swift */ = {isa = PBXFileReference; fileEncoding = 4; lastKnownFileType = sourcecode.swift; path = ColorHarmonyLevel.swift; sourceTree = "<group>"; };
		A5D217822C1B22DC00B247AC /* Ball.swift */ = {isa = PBXFileReference; fileEncoding = 4; lastKnownFileType = sourcecode.swift; path = Ball.swift; sourceTree = "<group>"; };
		A5D217892C1B264900B247AC /* LevelProtocol.swift */ = {isa = PBXFileReference; fileEncoding = 4; lastKnownFileType = sourcecode.swift; path = LevelProtocol.swift; sourceTree = "<group>"; };
		A5D2178C2C1B277400B247AC /* Extension+Color.swift */ = {isa = PBXFileReference; fileEncoding = 4; lastKnownFileType = sourcecode.swift; path = "Extension+Color.swift"; sourceTree = "<group>"; };
		A5D2178F2C1B27F300B247AC /* Extension+UserDefaults.swift */ = {isa = PBXFileReference; lastKnownFileType = sourcecode.swift; path = "Extension+UserDefaults.swift"; sourceTree = "<group>"; };
		A5D217972C1B2B0100B247AC /* LevelViewModel.swift */ = {isa = PBXFileReference; fileEncoding = 4; lastKnownFileType = sourcecode.swift; path = LevelViewModel.swift; sourceTree = "<group>"; };
		A5D217992C1B2B2A00B247AC /* LevelView.swift */ = {isa = PBXFileReference; fileEncoding = 4; lastKnownFileType = sourcecode.swift; path = LevelView.swift; sourceTree = "<group>"; };
		A5D2179B2C1B2B3F00B247AC /* BallView.swift */ = {isa = PBXFileReference; fileEncoding = 4; lastKnownFileType = sourcecode.swift; path = BallView.swift; sourceTree = "<group>"; };
/* End PBXFileReference section */

/* Begin PBXFrameworksBuildPhase section */
		18DF18912C11E23B00D6019B /* Frameworks */ = {
			isa = PBXFrameworksBuildPhase;
			buildActionMask = 2147483647;
			files = (
				18DF18B02C11E2A900D6019B /* SnapKit in Frameworks */,
			);
			runOnlyForDeploymentPostprocessing = 0;
		};
/* End PBXFrameworksBuildPhase section */

/* Begin PBXGroup section */
		18A8ADC02C17360D0023D16D /* Game */ = {
			isa = PBXGroup;
			children = (
				A5D2178A2C1B264900B247AC /* Protocols */,
				A5D2179F2C1B50D400B247AC /* Models */,
				A5D217992C1B2B2A00B247AC /* LevelView.swift */,
				A5D2179B2C1B2B3F00B247AC /* BallView.swift */,
				A5D217972C1B2B0100B247AC /* LevelViewModel.swift */,
				18A8ADC12C1736160023D16D /* GameVC.swift */,
				18A8ADC32C17361A0023D16D /* GameScene.swift */,
				18A8ADC52C17369B0023D16D /* CustomButton.swift */,
				187141F72C187C4000C08D27 /* gameBoards.json */,
				187141F92C1880CB00C08D27 /* winGame.json */,
			);
			path = Game;
			sourceTree = "<group>";
		};
		18DF188B2C11E23B00D6019B = {
			isa = PBXGroup;
			children = (
				18DF18962C11E23B00D6019B /* plonkiColor */,
				18DF18952C11E23B00D6019B /* Products */,
			);
			sourceTree = "<group>";
		};
		18DF18952C11E23B00D6019B /* Products */ = {
			isa = PBXGroup;
			children = (
				18DF18942C11E23B00D6019B /* plonkiColor.app */,
			);
			name = Products;
			sourceTree = "<group>";
		};
		18DF18962C11E23B00D6019B /* plonkiColor */ = {
			isa = PBXGroup;
			children = (
				18DF18AB2C11E24100D6019B /* App */,
				18DF18AC2C11E24600D6019B /* Resourse */,
				18DF18A52C11E23D00D6019B /* Info.plist */,
			);
			path = plonkiColor;
			sourceTree = "<group>";
		};
		18DF18AB2C11E24100D6019B /* App */ = {
			isa = PBXGroup;
			children = (
				18DF18A22C11E23D00D6019B /* LaunchScreen.storyboard */,
				18DF18992C11E23B00D6019B /* SceneDelegate.swift */,
				18DF18972C11E23B00D6019B /* AppDelegate.swift */,
				18DF18AD2C11E25D00D6019B /* Flow */,
			);
			path = App;
			sourceTree = "<group>";
		};
		18DF18AC2C11E24600D6019B /* Resourse */ = {
			isa = PBXGroup;
			children = (
				A5D2178D2C1B277400B247AC /* Extensions */,
				18DF18B92C11E64400D6019B /* Helpers */,
				18DF18B82C11E63A00D6019B /* UIFont */,
				18DF18A02C11E23D00D6019B /* Assets.xcassets */,
			);
			path = Resourse;
			sourceTree = "<group>";
		};
		18DF18AD2C11E25D00D6019B /* Flow */ = {
			isa = PBXGroup;
			children = (
				18DF18B12C11E42000D6019B /* Loading */,
				18DF18B72C11E47300D6019B /* TabBar */,
			);
			path = Flow;
			sourceTree = "<group>";
		};
		18DF18B12C11E42000D6019B /* Loading */ = {
			isa = PBXGroup;
			children = (
				18DF18B22C11E42E00D6019B /* LoadingVC.swift */,
				18DF18B42C11E43300D6019B /* LoadingView.swift */,
			);
			path = Loading;
			sourceTree = "<group>";
		};
		18DF18B62C11E46000D6019B /* Home */ = {
			isa = PBXGroup;
			children = (
				18DF18C62C11E72300D6019B /* HomeVC.swift */,
				18A8ADBC2C170CF00023D16D /* HomeCell.swift */,
				18DF18C82C11E72800D6019B /* HomeView.swift */,
				18A8ADC02C17360D0023D16D /* Game */,
			);
			path = Home;
			sourceTree = "<group>";
		};
		18DF18B72C11E47300D6019B /* TabBar */ = {
			isa = PBXGroup;
			children = (
				18DF18D22C11E76300D6019B /* TabBar.swift */,
				18DF18BA2C11E6CB00D6019B /* Profile */,
				18DF18BB2C11E6D400D6019B /* Rating */,
				18DF18B62C11E46000D6019B /* Home */,
				18DF18BC2C11E6DE00D6019B /* Bonus */,
				18DF18BD2C11E6E300D6019B /* Chapter */,
			);
			path = TabBar;
			sourceTree = "<group>";
		};
		18DF18B82C11E63A00D6019B /* UIFont */ = {
			isa = PBXGroup;
			children = (
			);
			path = UIFont;
			sourceTree = "<group>";
		};
		18DF18B92C11E64400D6019B /* Helpers */ = {
			isa = PBXGroup;
			children = (
				18DF18D42C11F10900D6019B /* Settings.swift */,
				18DF18D62C11F11100D6019B /* Memory.swift */,
				18DF18D82C11F21A00D6019B /* Double.swift */,
				18DF18DA2C11F23700D6019B /* Font + Extension.swift */,
			);
			path = Helpers;
			sourceTree = "<group>";
		};
		18DF18BA2C11E6CB00D6019B /* Profile */ = {
			isa = PBXGroup;
			children = (
				18DF18BE2C11E70C00D6019B /* ProfileVC.swift */,
				18DF18C02C11E71000D6019B /* ProfileView.swift */,
				18DF18DC2C11F4B600D6019B /* Info */,
			);
			path = Profile;
			sourceTree = "<group>";
		};
		18DF18BB2C11E6D400D6019B /* Rating */ = {
			isa = PBXGroup;
			children = (
				18DF18C22C11E71900D6019B /* RatingVC.swift */,
				186516992C1330C100A8A076 /* RatingCell.swift */,
				1865169D2C1339D600A8A076 /* CustomRatingOneCell.swift */,
				1865169B2C1330C500A8A076 /* User.swift */,
				18DF18C42C11E71C00D6019B /* RatingView.swift */,
			);
			path = Rating;
			sourceTree = "<group>";
		};
		18DF18BC2C11E6DE00D6019B /* Bonus */ = {
			isa = PBXGroup;
			children = (
				18DF18CA2C11E73100D6019B /* BonusVC.swift */,
				18DF18CC2C11E73700D6019B /* BonusView.swift */,
				1865169F2C134A0500A8A076 /* CircleView.swift */,
			);
			path = Bonus;
			sourceTree = "<group>";
		};
		18DF18BD2C11E6E300D6019B /* Chapter */ = {
			isa = PBXGroup;
			children = (
				A5D2177C2C1B22BD00B247AC /* Models */,
				18DF18CE2C11E73D00D6019B /* ChapterVC.swift */,
				18DF18D02C11E74000D6019B /* ChapterView.swift */,
				18A8ADBE2C1725A20023D16D /* ChapterCell.swift */,
			);
			path = Chapter;
			sourceTree = "<group>";
		};
		18DF18DC2C11F4B600D6019B /* Info */ = {
			isa = PBXGroup;
			children = (
				18DF18DD2C11F4C000D6019B /* InfoVC.swift */,
				18DF18DF2C11F4C700D6019B /* InfoView.swift */,
			);
			path = Info;
			sourceTree = "<group>";
		};
		A5D2177C2C1B22BD00B247AC /* Models */ = {
			isa = PBXGroup;
			children = (
				A5D2177D2C1B22DC00B247AC /* Chapter.swift */,
			);
			path = Models;
			sourceTree = "<group>";
		};
		A5D2178A2C1B264900B247AC /* Protocols */ = {
			isa = PBXGroup;
			children = (
				A5D217892C1B264900B247AC /* LevelProtocol.swift */,
			);
			path = Protocols;
			sourceTree = "<group>";
		};
		A5D2178D2C1B277400B247AC /* Extensions */ = {
			isa = PBXGroup;
			children = (
				A5D2178C2C1B277400B247AC /* Extension+Color.swift */,
				A5D2178F2C1B27F300B247AC /* Extension+UserDefaults.swift */,
			);
			path = Extensions;
			sourceTree = "<group>";
		};
		A5D2179F2C1B50D400B247AC /* Models */ = {
			isa = PBXGroup;
			children = (
				A5D217822C1B22DC00B247AC /* Ball.swift */,
				A5D2177F2C1B22DC00B247AC /* Level.swift */,
				A5D217802C1B22DC00B247AC /* ColorHarmonyLevel.swift */,
			);
			path = Models;
			sourceTree = "<group>";
		};
/* End PBXGroup section */

/* Begin PBXNativeTarget section */
		18DF18932C11E23B00D6019B /* plonkiColor */ = {
			isa = PBXNativeTarget;
			buildConfigurationList = 18DF18A82C11E23D00D6019B /* Build configuration list for PBXNativeTarget "plonkiColor" */;
			buildPhases = (
				18DF18902C11E23B00D6019B /* Sources */,
				18DF18912C11E23B00D6019B /* Frameworks */,
				18DF18922C11E23B00D6019B /* Resources */,
			);
			buildRules = (
			);
			dependencies = (
			);
			name = plonkiColor;
			packageProductDependencies = (
				18DF18AF2C11E2A900D6019B /* SnapKit */,
			);
			productName = plonkiColor;
			productReference = 18DF18942C11E23B00D6019B /* plonkiColor.app */;
			productType = "com.apple.product-type.application";
		};
/* End PBXNativeTarget section */

/* Begin PBXProject section */
		18DF188C2C11E23B00D6019B /* Project object */ = {
			isa = PBXProject;
			attributes = {
				BuildIndependentTargetsInParallel = 1;
				LastSwiftUpdateCheck = 1530;
				LastUpgradeCheck = 1530;
				TargetAttributes = {
					18DF18932C11E23B00D6019B = {
						CreatedOnToolsVersion = 15.3;
					};
				};
			};
			buildConfigurationList = 18DF188F2C11E23B00D6019B /* Build configuration list for PBXProject "plonkiColor" */;
			compatibilityVersion = "Xcode 14.0";
			developmentRegion = en;
			hasScannedForEncodings = 0;
			knownRegions = (
				en,
				Base,
			);
			mainGroup = 18DF188B2C11E23B00D6019B;
			packageReferences = (
				18DF18AE2C11E2A900D6019B /* XCRemoteSwiftPackageReference "SnapKit" */,
			);
			productRefGroup = 18DF18952C11E23B00D6019B /* Products */;
			projectDirPath = "";
			projectRoot = "";
			targets = (
				18DF18932C11E23B00D6019B /* plonkiColor */,
			);
		};
/* End PBXProject section */

/* Begin PBXResourcesBuildPhase section */
		18DF18922C11E23B00D6019B /* Resources */ = {
			isa = PBXResourcesBuildPhase;
			buildActionMask = 2147483647;
			files = (
				18DF18A12C11E23D00D6019B /* Assets.xcassets in Resources */,
				187141F82C187C4000C08D27 /* gameBoards.json in Resources */,
				18DF18A42C11E23D00D6019B /* Base in Resources */,
				187141FA2C1880CB00C08D27 /* winGame.json in Resources */,
			);
			runOnlyForDeploymentPostprocessing = 0;
		};
/* End PBXResourcesBuildPhase section */

/* Begin PBXSourcesBuildPhase section */
		18DF18902C11E23B00D6019B /* Sources */ = {
			isa = PBXSourcesBuildPhase;
			buildActionMask = 2147483647;
			files = (
				18DF18CD2C11E73700D6019B /* BonusView.swift in Sources */,
				A5D217902C1B27F300B247AC /* Extension+UserDefaults.swift in Sources */,
				18DF18DB2C11F23700D6019B /* Font + Extension.swift in Sources */,
				1865169A2C1330C100A8A076 /* RatingCell.swift in Sources */,
				A5D2178E2C1B277400B247AC /* Extension+Color.swift in Sources */,
				18A8ADC42C17361A0023D16D /* GameScene.swift in Sources */,
				18DF18BF2C11E70C00D6019B /* ProfileVC.swift in Sources */,
				18DF18D12C11E74000D6019B /* ChapterView.swift in Sources */,
				18DF18DE2C11F4C000D6019B /* InfoVC.swift in Sources */,
				18A8ADBD2C170CF00023D16D /* HomeCell.swift in Sources */,
				18DF18B32C11E42E00D6019B /* LoadingVC.swift in Sources */,
				18DF18982C11E23B00D6019B /* AppDelegate.swift in Sources */,
				18DF18C92C11E72800D6019B /* HomeView.swift in Sources */,
				A5D217872C1B22DC00B247AC /* Ball.swift in Sources */,
				A5D217852C1B22DC00B247AC /* Level.swift in Sources */,
				18DF18C72C11E72300D6019B /* HomeVC.swift in Sources */,
				A5D2179C2C1B2B3F00B247AC /* BallView.swift in Sources */,
				18DF18C52C11E71C00D6019B /* RatingView.swift in Sources */,
				A5D217862C1B22DC00B247AC /* ColorHarmonyLevel.swift in Sources */,
				18DF18D72C11F11100D6019B /* Memory.swift in Sources */,
				18A8ADC62C17369B0023D16D /* CustomButton.swift in Sources */,
				18DF18CB2C11E73100D6019B /* BonusVC.swift in Sources */,
				18DF18D32C11E76300D6019B /* TabBar.swift in Sources */,
				A5D217832C1B22DC00B247AC /* Chapter.swift in Sources */,
				1865169E2C1339D600A8A076 /* CustomRatingOneCell.swift in Sources */,
				18DF18E02C11F4C700D6019B /* InfoView.swift in Sources */,
				A5D217982C1B2B0100B247AC /* LevelViewModel.swift in Sources */,
				18DF18D52C11F10900D6019B /* Settings.swift in Sources */,
				18A8ADC22C1736160023D16D /* GameVC.swift in Sources */,
				18A8ADBF2C1725A20023D16D /* ChapterCell.swift in Sources */,
				18DF18B52C11E43300D6019B /* LoadingView.swift in Sources */,
				18DF18C32C11E71900D6019B /* RatingVC.swift in Sources */,
				A5D2179A2C1B2B2A00B247AC /* LevelView.swift in Sources */,
				18DF18C12C11E71000D6019B /* ProfileView.swift in Sources */,
				18DF18CF2C11E73D00D6019B /* ChapterVC.swift in Sources */,
				186516A02C134A0500A8A076 /* CircleView.swift in Sources */,
				A5D2178B2C1B264900B247AC /* LevelProtocol.swift in Sources */,
				18DF18D92C11F21A00D6019B /* Double.swift in Sources */,
				18DF189A2C11E23B00D6019B /* SceneDelegate.swift in Sources */,
				1865169C2C1330C500A8A076 /* User.swift in Sources */,
			);
			runOnlyForDeploymentPostprocessing = 0;
		};
/* End PBXSourcesBuildPhase section */

/* Begin PBXVariantGroup section */
		18DF18A22C11E23D00D6019B /* LaunchScreen.storyboard */ = {
			isa = PBXVariantGroup;
			children = (
				18DF18A32C11E23D00D6019B /* Base */,
			);
			name = LaunchScreen.storyboard;
			sourceTree = "<group>";
		};
/* End PBXVariantGroup section */

/* Begin XCBuildConfiguration section */
		18DF18A62C11E23D00D6019B /* Debug */ = {
			isa = XCBuildConfiguration;
			buildSettings = {
				ALWAYS_SEARCH_USER_PATHS = NO;
				ASSETCATALOG_COMPILER_GENERATE_SWIFT_ASSET_SYMBOL_EXTENSIONS = YES;
				CLANG_ANALYZER_NONNULL = YES;
				CLANG_ANALYZER_NUMBER_OBJECT_CONVERSION = YES_AGGRESSIVE;
				CLANG_CXX_LANGUAGE_STANDARD = "gnu++20";
				CLANG_ENABLE_MODULES = YES;
				CLANG_ENABLE_OBJC_ARC = YES;
				CLANG_ENABLE_OBJC_WEAK = YES;
				CLANG_WARN_BLOCK_CAPTURE_AUTORELEASING = YES;
				CLANG_WARN_BOOL_CONVERSION = YES;
				CLANG_WARN_COMMA = YES;
				CLANG_WARN_CONSTANT_CONVERSION = YES;
				CLANG_WARN_DEPRECATED_OBJC_IMPLEMENTATIONS = YES;
				CLANG_WARN_DIRECT_OBJC_ISA_USAGE = YES_ERROR;
				CLANG_WARN_DOCUMENTATION_COMMENTS = YES;
				CLANG_WARN_EMPTY_BODY = YES;
				CLANG_WARN_ENUM_CONVERSION = YES;
				CLANG_WARN_INFINITE_RECURSION = YES;
				CLANG_WARN_INT_CONVERSION = YES;
				CLANG_WARN_NON_LITERAL_NULL_CONVERSION = YES;
				CLANG_WARN_OBJC_IMPLICIT_RETAIN_SELF = YES;
				CLANG_WARN_OBJC_LITERAL_CONVERSION = YES;
				CLANG_WARN_OBJC_ROOT_CLASS = YES_ERROR;
				CLANG_WARN_QUOTED_INCLUDE_IN_FRAMEWORK_HEADER = YES;
				CLANG_WARN_RANGE_LOOP_ANALYSIS = YES;
				CLANG_WARN_STRICT_PROTOTYPES = YES;
				CLANG_WARN_SUSPICIOUS_MOVE = YES;
				CLANG_WARN_UNGUARDED_AVAILABILITY = YES_AGGRESSIVE;
				CLANG_WARN_UNREACHABLE_CODE = YES;
				CLANG_WARN__DUPLICATE_METHOD_MATCH = YES;
				COPY_PHASE_STRIP = NO;
				DEBUG_INFORMATION_FORMAT = dwarf;
				ENABLE_STRICT_OBJC_MSGSEND = YES;
				ENABLE_TESTABILITY = YES;
				ENABLE_USER_SCRIPT_SANDBOXING = YES;
				GCC_C_LANGUAGE_STANDARD = gnu17;
				GCC_DYNAMIC_NO_PIC = NO;
				GCC_NO_COMMON_BLOCKS = YES;
				GCC_OPTIMIZATION_LEVEL = 0;
				GCC_PREPROCESSOR_DEFINITIONS = (
					"DEBUG=1",
					"$(inherited)",
				);
				GCC_WARN_64_TO_32_BIT_CONVERSION = YES;
				GCC_WARN_ABOUT_RETURN_TYPE = YES_ERROR;
				GCC_WARN_UNDECLARED_SELECTOR = YES;
				GCC_WARN_UNINITIALIZED_AUTOS = YES_AGGRESSIVE;
				GCC_WARN_UNUSED_FUNCTION = YES;
				GCC_WARN_UNUSED_VARIABLE = YES;
				IPHONEOS_DEPLOYMENT_TARGET = 15.0;
				LOCALIZATION_PREFERS_STRING_CATALOGS = YES;
				MTL_ENABLE_DEBUG_INFO = INCLUDE_SOURCE;
				MTL_FAST_MATH = YES;
				ONLY_ACTIVE_ARCH = YES;
				SDKROOT = iphoneos;
				SWIFT_ACTIVE_COMPILATION_CONDITIONS = "DEBUG $(inherited)";
				SWIFT_OPTIMIZATION_LEVEL = "-Onone";
			};
			name = Debug;
		};
		18DF18A72C11E23D00D6019B /* Release */ = {
			isa = XCBuildConfiguration;
			buildSettings = {
				ALWAYS_SEARCH_USER_PATHS = NO;
				ASSETCATALOG_COMPILER_GENERATE_SWIFT_ASSET_SYMBOL_EXTENSIONS = YES;
				CLANG_ANALYZER_NONNULL = YES;
				CLANG_ANALYZER_NUMBER_OBJECT_CONVERSION = YES_AGGRESSIVE;
				CLANG_CXX_LANGUAGE_STANDARD = "gnu++20";
				CLANG_ENABLE_MODULES = YES;
				CLANG_ENABLE_OBJC_ARC = YES;
				CLANG_ENABLE_OBJC_WEAK = YES;
				CLANG_WARN_BLOCK_CAPTURE_AUTORELEASING = YES;
				CLANG_WARN_BOOL_CONVERSION = YES;
				CLANG_WARN_COMMA = YES;
				CLANG_WARN_CONSTANT_CONVERSION = YES;
				CLANG_WARN_DEPRECATED_OBJC_IMPLEMENTATIONS = YES;
				CLANG_WARN_DIRECT_OBJC_ISA_USAGE = YES_ERROR;
				CLANG_WARN_DOCUMENTATION_COMMENTS = YES;
				CLANG_WARN_EMPTY_BODY = YES;
				CLANG_WARN_ENUM_CONVERSION = YES;
				CLANG_WARN_INFINITE_RECURSION = YES;
				CLANG_WARN_INT_CONVERSION = YES;
				CLANG_WARN_NON_LITERAL_NULL_CONVERSION = YES;
				CLANG_WARN_OBJC_IMPLICIT_RETAIN_SELF = YES;
				CLANG_WARN_OBJC_LITERAL_CONVERSION = YES;
				CLANG_WARN_OBJC_ROOT_CLASS = YES_ERROR;
				CLANG_WARN_QUOTED_INCLUDE_IN_FRAMEWORK_HEADER = YES;
				CLANG_WARN_RANGE_LOOP_ANALYSIS = YES;
				CLANG_WARN_STRICT_PROTOTYPES = YES;
				CLANG_WARN_SUSPICIOUS_MOVE = YES;
				CLANG_WARN_UNGUARDED_AVAILABILITY = YES_AGGRESSIVE;
				CLANG_WARN_UNREACHABLE_CODE = YES;
				CLANG_WARN__DUPLICATE_METHOD_MATCH = YES;
				COPY_PHASE_STRIP = NO;
				DEBUG_INFORMATION_FORMAT = "dwarf-with-dsym";
				ENABLE_NS_ASSERTIONS = NO;
				ENABLE_STRICT_OBJC_MSGSEND = YES;
				ENABLE_USER_SCRIPT_SANDBOXING = YES;
				GCC_C_LANGUAGE_STANDARD = gnu17;
				GCC_NO_COMMON_BLOCKS = YES;
				GCC_WARN_64_TO_32_BIT_CONVERSION = YES;
				GCC_WARN_ABOUT_RETURN_TYPE = YES_ERROR;
				GCC_WARN_UNDECLARED_SELECTOR = YES;
				GCC_WARN_UNINITIALIZED_AUTOS = YES_AGGRESSIVE;
				GCC_WARN_UNUSED_FUNCTION = YES;
				GCC_WARN_UNUSED_VARIABLE = YES;
				IPHONEOS_DEPLOYMENT_TARGET = 15.0;
				LOCALIZATION_PREFERS_STRING_CATALOGS = YES;
				MTL_ENABLE_DEBUG_INFO = NO;
				MTL_FAST_MATH = YES;
				SDKROOT = iphoneos;
				SWIFT_COMPILATION_MODE = wholemodule;
				VALIDATE_PRODUCT = YES;
			};
			name = Release;
		};
		18DF18A92C11E23D00D6019B /* Debug */ = {
			isa = XCBuildConfiguration;
			buildSettings = {
				ASSETCATALOG_COMPILER_APPICON_NAME = AppIcon;
				ASSETCATALOG_COMPILER_GLOBAL_ACCENT_COLOR_NAME = AccentColor;
				CODE_SIGN_STYLE = Automatic;
				CURRENT_PROJECT_VERSION = 1;
				GENERATE_INFOPLIST_FILE = YES;
				INFOPLIST_FILE = plonkiColor/Info.plist;
				INFOPLIST_KEY_NSCameraUsageDescription = "This app uses camera to capture photos and videos";
				INFOPLIST_KEY_NSPhotoLibraryUsageDescription = "This app uses photo storage access";
				INFOPLIST_KEY_UIApplicationSupportsIndirectInputEvents = YES;
				INFOPLIST_KEY_UILaunchStoryboardName = LaunchScreen;
				INFOPLIST_KEY_UISupportedInterfaceOrientations_iPad = "UIInterfaceOrientationPortrait UIInterfaceOrientationPortraitUpsideDown UIInterfaceOrientationLandscapeLeft UIInterfaceOrientationLandscapeRight";
				INFOPLIST_KEY_UISupportedInterfaceOrientations_iPhone = "UIInterfaceOrientationPortrait UIInterfaceOrientationLandscapeLeft UIInterfaceOrientationLandscapeRight";
				LD_RUNPATH_SEARCH_PATHS = (
					"$(inherited)",
					"@executable_path/Frameworks",
				);
				MARKETING_VERSION = 1.0;
				PRODUCT_BUNDLE_IDENTIFIER = tsarevichD.plonkiColor;
				PRODUCT_NAME = "$(TARGET_NAME)";
				SUPPORTED_PLATFORMS = "iphoneos iphonesimulator";
				SUPPORTS_MACCATALYST = NO;
				SUPPORTS_XR_DESIGNED_FOR_IPHONE_IPAD = NO;
				SWIFT_EMIT_LOC_STRINGS = YES;
				SWIFT_VERSION = 5.0;
				TARGETED_DEVICE_FAMILY = 1;
			};
			name = Debug;
		};
		18DF18AA2C11E23D00D6019B /* Release */ = {
			isa = XCBuildConfiguration;
			buildSettings = {
				ASSETCATALOG_COMPILER_APPICON_NAME = AppIcon;
				ASSETCATALOG_COMPILER_GLOBAL_ACCENT_COLOR_NAME = AccentColor;
				CODE_SIGN_STYLE = Automatic;
				CURRENT_PROJECT_VERSION = 1;
				GENERATE_INFOPLIST_FILE = YES;
				INFOPLIST_FILE = plonkiColor/Info.plist;
				INFOPLIST_KEY_NSCameraUsageDescription = "This app uses camera to capture photos and videos";
				INFOPLIST_KEY_NSPhotoLibraryUsageDescription = "This app uses photo storage access";
				INFOPLIST_KEY_UIApplicationSupportsIndirectInputEvents = YES;
				INFOPLIST_KEY_UILaunchStoryboardName = LaunchScreen;
				INFOPLIST_KEY_UISupportedInterfaceOrientations_iPad = "UIInterfaceOrientationPortrait UIInterfaceOrientationPortraitUpsideDown UIInterfaceOrientationLandscapeLeft UIInterfaceOrientationLandscapeRight";
				INFOPLIST_KEY_UISupportedInterfaceOrientations_iPhone = "UIInterfaceOrientationPortrait UIInterfaceOrientationLandscapeLeft UIInterfaceOrientationLandscapeRight";
				LD_RUNPATH_SEARCH_PATHS = (
					"$(inherited)",
					"@executable_path/Frameworks",
				);
				MARKETING_VERSION = 1.0;
				PRODUCT_BUNDLE_IDENTIFIER = tsarevichD.plonkiColor;
				PRODUCT_NAME = "$(TARGET_NAME)";
				SUPPORTED_PLATFORMS = "iphoneos iphonesimulator";
				SUPPORTS_MACCATALYST = NO;
				SUPPORTS_XR_DESIGNED_FOR_IPHONE_IPAD = NO;
				SWIFT_EMIT_LOC_STRINGS = YES;
				SWIFT_VERSION = 5.0;
				TARGETED_DEVICE_FAMILY = 1;
			};
			name = Release;
		};
/* End XCBuildConfiguration section */

/* Begin XCConfigurationList section */
		18DF188F2C11E23B00D6019B /* Build configuration list for PBXProject "plonkiColor" */ = {
			isa = XCConfigurationList;
			buildConfigurations = (
				18DF18A62C11E23D00D6019B /* Debug */,
				18DF18A72C11E23D00D6019B /* Release */,
			);
			defaultConfigurationIsVisible = 0;
			defaultConfigurationName = Release;
		};
		18DF18A82C11E23D00D6019B /* Build configuration list for PBXNativeTarget "plonkiColor" */ = {
			isa = XCConfigurationList;
			buildConfigurations = (
				18DF18A92C11E23D00D6019B /* Debug */,
				18DF18AA2C11E23D00D6019B /* Release */,
			);
			defaultConfigurationIsVisible = 0;
			defaultConfigurationName = Release;
		};
/* End XCConfigurationList section */

/* Begin XCRemoteSwiftPackageReference section */
		18DF18AE2C11E2A900D6019B /* XCRemoteSwiftPackageReference "SnapKit" */ = {
			isa = XCRemoteSwiftPackageReference;
			repositoryURL = "https://github.com/SnapKit/SnapKit";
			requirement = {
				kind = upToNextMajorVersion;
				minimumVersion = 5.7.1;
			};
		};
/* End XCRemoteSwiftPackageReference section */

/* Begin XCSwiftPackageProductDependency section */
		18DF18AF2C11E2A900D6019B /* SnapKit */ = {
			isa = XCSwiftPackageProductDependency;
			package = 18DF18AE2C11E2A900D6019B /* XCRemoteSwiftPackageReference "SnapKit" */;
			productName = SnapKit;
		};
/* End XCSwiftPackageProductDependency section */
	};
	rootObject = 18DF188C2C11E23B00D6019B /* Project object */;
}
